PODS:
  - SwiftyJSON (4.0.0)
  - Timepiece (1.3.1)
  - YourWeatherFramework (0.6.0):
    - SwiftyJSON (~> 4.0.0)
    - Timepiece (~> 1.3.1)

DEPENDENCIES:
  - YourWeatherFramework (from `~/documents/xcode/WeatherFramework`)

EXTERNAL SOURCES:
  YourWeatherFramework:
    :path: ~/documents/xcode/WeatherFramework

SPEC CHECKSUMS:
  SwiftyJSON: 070dabdcb1beb81b247c65ffa3a79dbbfb3b48aa
  Timepiece: c0760ec0e545697d86b80424dcd2b4d5ef66cf51
  YourWeatherFramework: 25d412e761cbda3fad26ccb5a31401178420f1eb

PODFILE CHECKSUM: 83d43a8f71367d0c691cc0f52db97549e50ffa08

COCOAPODS: 1.4.0
